
Microsoft Visual Studio Solution File, Format Version 9.00
# Visual Studio 2005
Project("{8BC9CEB8-8B4A-11D0-8D11-00A0C91BC942}") = "mfcDllInjector", "mfcDllInjector\mfcDllInjector.vcproj", "{1D3D7438-248A-4C26-AA16-08C291004492}"
EndProject
Global
	GlobalSection(SolutionConfigurationPlatforms) = preSolution
		Debug|Win32 = Debug|Win32
		Release|Win32 = Release|Win32
	EndGlobalSection
	GlobalSection(ProjectConfigurationPlatforms) = postSolution
		{1D3D7438-248A-4C26-AA16-08C291004492}.Debug|Win32.ActiveCfg = Debug|Win32
		{1D3D7438-248A-4C26-AA16-08C291004492}.Debug|Win32.Build.0 = Debug|Win32
		{1D3D7438-248A-4C26-AA16-08C291004492}.Release|Win32.ActiveCfg = Release|Win32
		{1D3D7438-248A-4C26-AA16-08C291004492}.Release|Win32.Build.0 = Release|Win32
	EndGlobalSection
	GlobalSection(SolutionProperties) = preSolution
		HideSolutionNode = FALSE
	EndGlobalSection
EndGlobal
